// !$*UTF8*$!
{
	archiveVersion = 1;
	classes = {
	};
	objectVersion = 77;
	objects = {

/* Begin PBXContainerItemProxy section */
		5E30A4B32F9A82260093F31E /* PBXContainerItemProxy */ = {
			isa = PBXContainerItemProxy;
			containerPortal = 5E30A4992F9A82240093F31E /* Project object */;
			proxyType = 1;
			remoteGlobalIDString = 5E30A4A02F9A82240093F31E;
			remoteInfo = WCSArtGalleryApp;
		};
		5E30A4BD2F9A82260093F31E /* PBXContainerItemProxy */ = {
			isa = PBXContainerItemProxy;
			containerPortal = 5E30A4992F9A82240093F31E /* Project object */;
			proxyType = 1;
			remoteGlobalIDString = 5E30A4A02F9A82240093F31E;
			remoteInfo = WCSArtGalleryApp;
		};
/* End PBXContainerItemProxy section */

/* Begin PBXFileReference section */
		5E30A4A12F9A82240093F31E /* WCSArtGalleryApp.app */ = {isa = PBXFileReference; explicitFileType = wrapper.application; includeInIndex = 0; path = WCSArtGalleryApp.app; sourceTree = BUILT_PRODUCTS_DIR; };
		5E30A4B22F9A82260093F31E /* WCSArtGalleryAppTests.xctest */ = {isa = PBXFileReference; explicitFileType = wrapper.cfbundle; includeInIndex = 0; path = WCSArtGalleryAppTests.xctest; sourceTree = BUILT_PRODUCTS_DIR; };
		5E30A4BC2F9A82260093F31E /* WCSArtGalleryAppUITests.xctest */ = {isa = PBXFileReference; explicitFileType = wrapper.cfbundle; includeInIndex = 0; path = WCSArtGalleryAppUITests.xctest; sourceTree = BUILT_PRODUCTS_DIR; };
/* End PBXFileReference section */

/* Begin PBXFileSystemSynchronizedBuildFileExceptionSet section */
		5E30A4C42F9A82260093F31E /* Exceptions for "WCSArtGalleryApp" folder in "WCSArtGalleryApp" target */ = {
			isa = PBXFileSystemSynchronizedBuildFileExceptionSet;
			membershipExceptions = (
				Info.plist,
			);
			target = 5E30A4A02F9A82240093F31E /* WCSArtGalleryApp */;
		};
/* End PBXFileSystemSynchronizedBuildFileExceptionSet section */

/* Begin PBXFileSystemSynchronizedRootGroup section */
		5E30A4A32F9A82240093F31E /* WCSArtGalleryApp */ = {
			isa = PBXFileSystemSynchronizedRootGroup;
			exceptions = (
				5E30A4C42F9A82260093F31E /* Exceptions for "WCSArtGalleryApp" folder in "WCSArtGalleryApp" target */,
			);
			path = WCSArtGalleryApp;
			sourceTree = "<group>";
		};
		5E30A4B52F9A82260093F31E /* WCSArtGalleryAppTests */ = {
			isa = PBXFileSystemSynchronizedRootGroup;
			path = WCSArtGalleryAppTests;
			sourceTree = "<group>";
		};
		5E30A4BF2F9A82260093F31E /* WCSArtGalleryAppUITests */ = {
			isa = PBXFileSystemSynchronizedRootGroup;
			path = WCSArtGalleryAppUITests;
			sourceTree = "<group>";
		};
/* End PBXFileSystemSynchronizedRootGroup section */

/* Begin PBXFrameworksBuildPhase section */
		5E30A49E2F9A82240093F31E /* Frameworks */ = {
			isa = PBXFrameworksBuildPhase;
			buildActionMask = 2147483647;
			files = (
			);
			runOnlyForDeploymentPostprocessing = 0;
		};
		5E30A4AF2F9A82260093F31E /* Frameworks */ = {
			isa = PBXFrameworksBuildPhase;
			buildActionMask = 2147483647;
			files = (
			);
			runOnlyForDeploymentPostprocessing = 0;
		};
		5E30A4B92F9A82260093F31E /* Frameworks */ = {
			isa = PBXFrameworksBuildPhase;
			buildActionMask = 2147483647;
			files = (
			);
			runOnlyForDeploymentPostprocessing = 0;
		};
/* End PBXFrameworksBuildPhase section */

/* Begin PBXGroup section */
		5E30A4982F9A82240093F31E = {
			isa = PBXGroup;
			children = (
				5E30A4A32F9A82240093F31E /* WCSArtGalleryApp */,
				5E30A4B52F9A82260093F31E /* WCSArtGalleryAppTests */,
				5E30A4BF2F9A82260093F31E /* WCSArtGalleryAppUITests */,
				5E30A4A22F9A82240093F31E /* Products */,
			);
			sourceTree = "<group>";
		};
		5E30A4A22F9A82240093F31E /* Products */ = {
			isa = PBXGroup;
			children = (
				5E30A4A12F9A82240093F31E /* WCSArtGalleryApp.app */,
				5E30A4B22F9A82260093F31E /* WCSArtGalleryAppTests.xctest */,
				5E30A4BC2F9A82260093F31E /* WCSArtGalleryAppUITests.xctest */,
			);
			name = Products;
			sourceTree = "<group>";
		};
/* End PBXGroup section */

/* Begin PBXNativeTarget section */
		5E30A4A02F9A82240093F31E /* WCSArtGalleryApp */ = {
			isa = PBXNativeTarget;
			buildConfigurationList = 5E30A4C52F9A82260093F31E /* Build configuration list for PBXNativeTarget "WCSArtGalleryApp" */;
			buildPhases = (
				5E30A49D2F9A82240093F31E /* Sources */,
				5E30A49E2F9A82240093F31E /* Frameworks */,
				5E30A49F2F9A82240093F31E /* Resources */,
			);
			buildRules = (
			);
			dependencies = (
			);
			fileSystemSynchronizedGroups = (
				5E30A4A32F9A82240093F31E /* WCSArtGalleryApp */,
			);
			name = WCSArtGalleryApp;
			packageProductDependencies = (
			);
			productName = WCSArtGalleryApp;
			productReference = 5E30A4A12F9A82240093F31E /* WCSArtGalleryApp.app */;
			productType = "com.apple.product-type.application";
		};
		5E30A4B12F9A82260093F31E /* WCSArtGalleryAppTests */ = {
			isa = PBXNativeTarget;
			buildConfigurationList = 5E30A4CA2F9A82260093F31E /* Build configuration list for PBXNativeTarget "WCSArtGalleryAppTests" */;
			buildPhases = (
				5E30A4AE2F9A82260093F31E /* Sources */,
				5E30A4AF2F9A82260093F31E /* Frameworks */,
				5E30A4B02F9A82260093F31E /* Resources */,
			);
			buildRules = (
			);
			dependencies = (
				5E30A4B42F9A82260093F31E /* PBXTargetDependency */,
			);
			fileSystemSynchronizedGroups = (
				5E30A4B52F9A82260093F31E /* WCSArtGalleryAppTests */,
			);
			name = WCSArtGalleryAppTests;
			packageProductDependencies = (
			);
			productName = WCSArtGalleryAppTests;
			productReference = 5E30A4B22F9A82260093F31E /* WCSArtGalleryAppTests.xctest */;
			productType = "com.apple.product-type.bundle.unit-test";
		};
		5E30A4BB2F9A82260093F31E /* WCSArtGalleryAppUITests */ = {
			isa = PBXNativeTarget;
			buildConfigurationList = 5E30A4CD2F9A82260093F31E /* Build configuration list for PBXNativeTarget "WCSArtGalleryAppUITests" */;
			buildPhases = (
				5E30A4B82F9A82260093F31E /* Sources */,
				5E30A4B92F9A82260093F31E /* Frameworks */,
				5E30A4BA2F9A82260093F31E /* Resources */,
			);
			buildRules = (
			);
			dependencies = (
				5E30A4BE2F9A82260093F31E /* PBXTargetDependency */,
			);
			fileSystemSynchronizedGroups = (
				5E30A4BF2F9A82260093F31E /* WCSArtGalleryAppUITests */,
			);
			name = WCSArtGalleryAppUITests;
			packageProductDependencies = (
			);
			productName = WCSArtGalleryAppUITests;
			productReference = 5E30A4BC2F9A82260093F31E /* WCSArtGalleryAppUITests.xctest */;
			productType = "com.apple.product-type.bundle.ui-testing";
		};
/* End PBXNativeTarget section */

/* Begin PBXProject section */
		5E30A4992F9A82240093F31E /* Project object */ = {
			isa = PBXProject;
			attributes = {
				BuildIndependentTargetsInParallel = 1;
				LastSwiftUpdateCheck = 2640;
				LastUpgradeCheck = 2640;
				ORGANIZATIONNAME = wcs;
				TargetAttributes = {
					5E30A4A02F9A82240093F31E = {
						CreatedOnToolsVersion = 26.4.1;
					};
					5E30A4B12F9A82260093F31E = {
						CreatedOnToolsVersion = 26.4.1;
						TestTargetID = 5E30A4A02F9A82240093F31E;
					};
					5E30A4BB2F9A82260093F31E = {
						CreatedOnToolsVersion = 26.4.1;
						TestTargetID = 5E30A4A02F9A82240093F31E;
					};
				};
			};
			buildConfigurationList = 5E30A49C2F9A82240093F31E /* Build configuration list for PBXProject "WCSArtGalleryApp" */;
			developmentRegion = en;
			hasScannedForEncodings = 0;
			knownRegions = (
				en,
				Base,
			);
			mainGroup = 5E30A4982F9A82240093F31E;
			minimizedProjectReferenceProxies = 1;
			preferredProjectObjectVersion = 77;
			productRefGroup = 5E30A4A22F9A82240093F31E /* Products */;
			projectDirPath = "";
			projectRoot = "";
			targets = (
				5E30A4A02F9A82240093F31E /* WCSArtGalleryApp */,
				5E30A4B12F9A82260093F31E /* WCSArtGalleryAppTests */,
				5E30A4BB2F9A82260093F31E /* WCSArtGalleryAppUITests */,
			);
		};
/* End PBXProject section */

/* Begin PBXResourcesBuildPhase section */
		5E30A49F2F9A82240093F31E /* Resources */ = {
			isa = PBXResourcesBuildPhase;
			buildActionMask = 2147483647;
			files = (
			);
			runOnlyForDeploymentPostprocessing = 0;
		};
		5E30A4B02F9A82260093F31E /* Resources */ = {
			isa = PBXResourcesBuildPhase;
			buildActionMask = 2147483647;
			files = (
			);
			runOnlyForDeploymentPostprocessing = 0;
		};
		5E30A4BA2F9A82260093F31E /* Resources */ = {
			isa = PBXResourcesBuildPhase;
			buildActionMask = 2147483647;
			files = (
			);
			runOnlyForDeploymentPostprocessing = 0;
		};
/* End PBXResourcesBuildPhase section */

/* Begin PBXSourcesBuildPhase section */
		5E30A49D2F9A82240093F31E /* Sources */ = {
			isa = PBXSourcesBuildPhase;
			buildActionMask = 2147483647;
			files = (
			);
			runOnlyForDeploymentPostprocessing = 0;
		};
		5E30A4AE2F9A82260093F31E /* Sources */ = {
			isa = PBXSourcesBuildPhase;
			buildActionMask = 2147483647;
			files = (
			);
			runOnlyForDeploymentPostprocessing = 0;
		};
		5E30A4B82F9A82260093F31E /* Sources */ = {
			isa = PBXSourcesBuildPhase;
			buildActionMask = 2147483647;
			files = (
			);
			runOnlyForDeploymentPostprocessing = 0;
		};
/* End PBXSourcesBuildPhase section */

/* Begin PBXTargetDependency section */
		5E30A4B42F9A82260093F31E /* PBXTargetDependency */ = {
			isa = PBXTargetDependency;
			target = 5E30A4A02F9A82240093F31E /* WCSArtGalleryApp */;
			targetProxy = 5E30A4B32F9A82260093F31E /* PBXContainerItemProxy */;
		};
		5E30A4BE2F9A82260093F31E /* PBXTargetDependency */ = {
			isa = PBXTargetDependency;
			target = 5E30A4A02F9A82240093F31E /* WCSArtGalleryApp */;
			targetProxy = 5E30A4BD2F9A82260093F31E /* PBXContainerItemProxy */;
		};
/* End PBXTargetDependency section */

/* Begin XCBuildConfiguration section */
		5E30A4C62F9A82260093F31E /* Debug */ = {
			isa = XCBuildConfiguration;
			buildSettings = {
				ASSETCATALOG_COMPILER_APPICON_NAME = AppIcon;
				ASSETCATALOG_COMPILER_GLOBAL_ACCENT_COLOR_NAME = AccentColor;
				CODE_SIGN_ENTITLEMENTS = WCSArtGalleryApp/WCSArtGalleryApp.entitlements;
				CODE_SIGN_STYLE = Automatic;
				CURRENT_PROJECT_VERSION = 1;
				DEVELOPMENT_TEAM = TM2WG7HH96;
				ENABLE_PREVIEWS = YES;
				GENERATE_INFOPLIST_FILE = YES;
				INFOPLIST_FILE = WCSArtGalleryApp/Info.plist;
				INFOPLIST_KEY_CFBundleDisplayName = WCSArtGallery;
				INFOPLIST_KEY_LSApplicationCategoryType = "public.app-category.education";
				INFOPLIST_KEY_UIApplicationSceneManifest_Generation = YES;
				INFOPLIST_KEY_UIApplicationSupportsIndirectInputEvents = YES;
				INFOPLIST_KEY_UILaunchScreen_Generation = YES;
				INFOPLIST_KEY_UISupportedInterfaceOrientations_iPad = "UIInterfaceOrientationPortrait UIInterfaceOrientationPortraitUpsideDown UIInterfaceOrientationLandscapeLeft UIInterfaceOrientationLandscapeRight";
				INFOPLIST_KEY_UISupportedInterfaceOrientations_iPhone = "UIInterfaceOrientationPortrait UIInterfaceOrientationLandscapeLeft UIInterfaceOrientationLandscapeRight";
				LD_RUNPATH_SEARCH_PATHS = (
					"$(inherited)",
					"@executable_path/Frameworks",
				);
				MARKETING_VERSION = 1.0;
				PRODUCT_BUNDLE_IDENTIFIER = wcs.WCSArtGalleryApp;
				PRODUCT_NAME = "$(TARGET_NAME)";
				STRING_CATALOG_GENERATE_SYMBOLS = YES;
				SWIFT_APPROACHABLE_CONCURRENCY = YES;
				SWIFT_DEFAULT_ACTOR_ISOLATION = MainActor;
				SWIFT_EMIT_LOC_STRINGS = YES;
				SWIFT_UPCOMING_FEATURE_MEMBER_IMPORT_VISIBILITY = YES;
				SWIFT_VERSION = 5.0;
				TARGETED_DEVICE_FAMILY = "1,2";
			};
			name = Debug;
		};
		5E30A4C72F9A82260093F31E /* Release */ = {
			isa = XCBuildConfiguration;
			buildSettings = {
				ASSETCATALOG_COMPILER_APPICON_NAME = AppIcon;
				ASSETCATALOG_COMPILER_GLOBAL_ACCENT_COLOR_NAME = AccentColor;
				CODE_SIGN_ENTITLEMENTS = WCSArtGalleryApp/WCSArtGalleryApp.entitlements;
				CODE_SIGN_STYLE = Automatic;
				CURRENT_PROJECT_VERSION = 1;
				DEVELOPMENT_TEAM = TM2WG7HH96;
				ENABLE_PREVIEWS = YES;
				GENERATE_INFOPLIST_FILE = YES;
				INFOPLIST_FILE = WCSArtGalleryApp/Info.plist;
				INFOPLIST_KEY_CFBundleDisplayName = WCSArtGallery;
				INFOPLIST_KEY_LSApplicationCategoryType = "public.app-category.education";
				INFOPLIST_KEY_UIApplicationSceneManifest_Generation = YES;
				INFOPLIST_KEY_UIApplicationSupportsIndirectInputEvents = YES;
				INFOPLIST_KEY_UILaunchScreen_Generation = YES;
				INFOPLIST_KEY_UISupportedInterfaceOrientations_iPad = "UIInterfaceOrientationPortrait UIInterfaceOrientationPortraitUpsideDown UIInterfaceOrientationLandscapeLeft UIInterfaceOrientationLandscapeRight";
				INFOPLIST_KEY_UISupportedInterfaceOrientations_iPhone = "UIInterfaceOrientationPortrait UIInterfaceOrientationLandscapeLeft UIInterfaceOrientationLandscapeRight";
				LD_RUNPATH_SEARCH_PATHS = (
					"$(inherited)",
					"@executable_path/Frameworks",
				);
				MARKETING_VERSION = 1.0;
				PRODUCT_BUNDLE_IDENTIFIER = wcs.WCSArtGalleryApp;
				PRODUCT_NAME = "$(TARGET_NAME)";
				STRING_CATALOG_GENERATE_SYMBOLS = YES;
				SWIFT_APPROACHABLE_CONCURRENCY = YES;
				SWIFT_DEFAULT_ACTOR_ISOLATION = MainActor;
				SWIFT_EMIT_LOC_STRINGS = YES;
				SWIFT_UPCOMING_FEATURE_MEMBER_IMPORT_VISIBILITY = YES;
				SWIFT_VERSION = 5.0;
				TARGETED_DEVICE_FAMILY = "1,2";
			};
			name = Release;
		};
		5E30A4C82F9A82260093F31E /* Debug */ = {
			isa = XCBuildConfiguration;
			buildSettings = {
				ALWAYS_SEARCH_USER_PATHS = NO;
				ASSETCATALOG_COMPILER_GENERATE_SWIFT_ASSET_SYMBOL_EXTENSIONS = YES;
				CLANG_ANALYZER_NONNULL = YES;
				CLANG_ANALYZER_NUMBER_OBJECT_CONVERSION = YES_AGGRESSIVE;
				CLANG_CXX_LANGUAGE_STANDARD = "gnu++20";
				CLANG_ENABLE_MODULES = YES;
				CLANG_ENABLE_OBJC_ARC = YES;
				CLANG_ENABLE_OBJC_WEAK = YES;
				CLANG_WARN_BLOCK_CAPTURE_AUTORELEASING = YES;
				CLANG_WARN_BOOL_CONVERSION = YES;
				CLANG_WARN_COMMA = YES;
				CLANG_WARN_CONSTANT_CONVERSION = YES;
				CLANG_WARN_DEPRECATED_OBJC_IMPLEMENTATIONS = YES;
				CLANG_WARN_DIRECT_OBJC_ISA_USAGE = YES_ERROR;
				CLANG_WARN_DOCUMENTATION_COMMENTS = YES;
				CLANG_WARN_EMPTY_BODY = YES;
				CLANG_WARN_ENUM_CONVERSION = YES;
				CLANG_WARN_INFINITE_RECURSION = YES;
				CLANG_WARN_INT_CONVERSION = YES;
				CLANG_WARN_NON_LITERAL_NULL_CONVERSION = YES;
				CLANG_WARN_OBJC_IMPLICIT_RETAIN_SELF = YES;
				CLANG_WARN_OBJC_LITERAL_CONVERSION = YES;
				CLANG_WARN_OBJC_ROOT_CLASS = YES_ERROR;
				CLANG_WARN_QUOTED_INCLUDE_IN_FRAMEWORK_HEADER = YES;
				CLANG_WARN_RANGE_LOOP_ANALYSIS = YES;
				CLANG_WARN_STRICT_PROTOTYPES = YES;
				CLANG_WARN_SUSPICIOUS_MOVE = YES;
				CLANG_WARN_UNGUARDED_AVAILABILITY = YES_AGGRESSIVE;
				CLANG_WARN_UNREACHABLE_CODE = YES;
				CLANG_WARN__DUPLICATE_METHOD_MATCH = YES;
				COPY_PHASE_STRIP = NO;
				DEBUG_INFORMATION_FORMAT = dwarf;
				DEVELOPMENT_TEAM = TM2WG7HH96;
				ENABLE_STRICT_OBJC_MSGSEND = YES;
				ENABLE_TESTABILITY = YES;
				ENABLE_USER_SCRIPT_SANDBOXING = YES;
				GCC_C_LANGUAGE_STANDARD = gnu17;
				GCC_DYNAMIC_NO_PIC = NO;
				GCC_NO_COMMON_BLOCKS = YES;
				GCC_OPTIMIZATION_LEVEL = 0;
				GCC_PREPROCESSOR_DEFINITIONS = (
					"DEBUG=1",
					"$(inherited)",
				);
				GCC_WARN_64_TO_32_BIT_CONVERSION = YES;
				GCC_WARN_ABOUT_RETURN_TYPE = YES_ERROR;
				GCC_WARN_UNDECLARED_SELECTOR = YES;
				GCC_WARN_UNINITIALIZED_AUTOS = YES_AGGRESSIVE;
				GCC_WARN_UNUSED_FUNCTION = YES;
				GCC_WARN_UNUSED_VARIABLE = YES;
				IPHONEOS_DEPLOYMENT_TARGET = 26.4;
				LOCALIZATION_PREFERS_STRING_CATALOGS = YES;
				MTL_ENABLE_DEBUG_INFO = INCLUDE_SOURCE;
				MTL_FAST_MATH = YES;
				ONLY_ACTIVE_ARCH = YES;
				SDKROOT = iphoneos;
				SWIFT_ACTIVE_COMPILATION_CONDITIONS = "DEBUG $(inherited)";
				SWIFT_OPTIMIZATION_LEVEL = "-Onone";
			};
			name = Debug;
		};
		5E30A4C92F9A82260093F31E /* Release */ = {
			isa = XCBuildConfiguration;
			buildSettings = {
				ALWAYS_SEARCH_USER_PATHS = NO;
				ASSETCATALOG_COMPILER_GENERATE_SWIFT_ASSET_SYMBOL_EXTENSIONS = YES;
				CLANG_ANALYZER_NONNULL = YES;
				CLANG_ANALYZER_NUMBER_OBJECT_CONVERSION = YES_AGGRESSIVE;
				CLANG_CXX_LANGUAGE_STANDARD = "gnu++20";
				CLANG_ENABLE_MODULES = YES;
				CLANG_ENABLE_OBJC_ARC = YES;
				CLANG_ENABLE_OBJC_WEAK = YES;
				CLANG_WARN_BLOCK_CAPTURE_AUTORELEASING = YES;
				CLANG_WARN_BOOL_CONVERSION = YES;
				CLANG_WARN_COMMA = YES;
				CLANG_WARN_CONSTANT_CONVERSION = YES;
				CLANG_WARN_DEPRECATED_OBJC_IMPLEMENTATIONS = YES;
				CLANG_WARN_DIRECT_OBJC_ISA_USAGE = YES_ERROR;
				CLANG_WARN_DOCUMENTATION_COMMENTS = YES;
				CLANG_WARN_EMPTY_BODY = YES;
				CLANG_WARN_ENUM_CONVERSION = YES;
				CLANG_WARN_INFINITE_RECURSION = YES;
				CLANG_WARN_INT_CONVERSION = YES;
				CLANG_WARN_NON_LITERAL_NULL_CONVERSION = YES;
				CLANG_WARN_OBJC_IMPLICIT_RETAIN_SELF = YES;
				CLANG_WARN_OBJC_LITERAL_CONVERSION = YES;
				CLANG_WARN_OBJC_ROOT_CLASS = YES_ERROR;
				CLANG_WARN_QUOTED_INCLUDE_IN_FRAMEWORK_HEADER = YES;
				CLANG_WARN_RANGE_LOOP_ANALYSIS = YES;
				CLANG_WARN_STRICT_PROTOTYPES = YES;
				CLANG_WARN_SUSPICIOUS_MOVE = YES;
				CLANG_WARN_UNGUARDED_AVAILABILITY = YES_AGGRESSIVE;
				CLANG_WARN_UNREACHABLE_CODE = YES;
				CLANG_WARN__DUPLICATE_METHOD_MATCH = YES;
				COPY_PHASE_STRIP = NO;
				DEBUG_INFORMATION_FORMAT = "dwarf-with-dsym";
				DEVELOPMENT_TEAM = TM2WG7HH96;
				ENABLE_NS_ASSERTIONS = NO;
				ENABLE_STRICT_OBJC_MSGSEND = YES;
				ENABLE_USER_SCRIPT_SANDBOXING = YES;
				GCC_C_LANGUAGE_STANDARD = gnu17;
				GCC_NO_COMMON_BLOCKS = YES;
				GCC_WARN_64_TO_32_BIT_CONVERSION = YES;
				GCC_WARN_ABOUT_RETURN_TYPE = YES_ERROR;
				GCC_WARN_UNDECLARED_SELECTOR = YES;
				GCC_WARN_UNINITIALIZED_AUTOS = YES_AGGRESSIVE;
				GCC_WARN_UNUSED_FUNCTION = YES;
				GCC_WARN_UNUSED_VARIABLE = YES;
				IPHONEOS_DEPLOYMENT_TARGET = 26.4;
				LOCALIZATION_PREFERS_STRING_CATALOGS = YES;
				MTL_ENABLE_DEBUG_INFO = NO;
				MTL_FAST_MATH = YES;
				SDKROOT = iphoneos;
				SWIFT_COMPILATION_MODE = wholemodule;
				VALIDATE_PRODUCT = YES;
			};
			name = Release;
		};
		5E30A4CB2F9A82260093F31E /* Debug */ = {
			isa = XCBuildConfiguration;
			buildSettings = {
				BUNDLE_LOADER = "$(TEST_HOST)";
				CODE_SIGN_STYLE = Automatic;
				CURRENT_PROJECT_VERSION = 1;
				DEVELOPMENT_TEAM = TM2WG7HH96;
				GENERATE_INFOPLIST_FILE = YES;
				IPHONEOS_DEPLOYMENT_TARGET = 26.4;
				MARKETING_VERSION = 1.0;
				PRODUCT_BUNDLE_IDENTIFIER = wcs.WCSArtGalleryAppTests;
				PRODUCT_NAME = "$(TARGET_NAME)";
				STRING_CATALOG_GENERATE_SYMBOLS = NO;
				SWIFT_APPROACHABLE_CONCURRENCY = YES;
				SWIFT_EMIT_LOC_STRINGS = NO;
				SWIFT_UPCOMING_FEATURE_MEMBER_IMPORT_VISIBILITY = YES;
				SWIFT_VERSION = 5.0;
				TARGETED_DEVICE_FAMILY = "1,2";
				TEST_HOST = "$(BUILT_PRODUCTS_DIR)/WCSArtGalleryApp.app/$(BUNDLE_EXECUTABLE_FOLDER_PATH)/WCSArtGalleryApp";
			};
			name = Debug;
		};
		5E30A4CC2F9A82260093F31E /* Release */ = {
			isa = XCBuildConfiguration;
			buildSettings = {
				BUNDLE_LOADER = "$(TEST_HOST)";
				CODE_SIGN_STYLE = Automatic;
				CURRENT_PROJECT_VERSION = 1;
				DEVELOPMENT_TEAM = TM2WG7HH96;
				GENERATE_INFOPLIST_FILE = YES;
				IPHONEOS_DEPLOYMENT_TARGET = 26.4;
				MARKETING_VERSION = 1.0;
				PRODUCT_BUNDLE_IDENTIFIER = wcs.WCSArtGalleryAppTests;
				PRODUCT_NAME = "$(TARGET_NAME)";
				STRING_CATALOG_GENERATE_SYMBOLS = NO;
				SWIFT_APPROACHABLE_CONCURRENCY = YES;
				SWIFT_EMIT_LOC_STRINGS = NO;
				SWIFT_UPCOMING_FEATURE_MEMBER_IMPORT_VISIBILITY = YES;
				SWIFT_VERSION = 5.0;
				TARGETED_DEVICE_FAMILY = "1,2";
				TEST_HOST = "$(BUILT_PRODUCTS_DIR)/WCSArtGalleryApp.app/$(BUNDLE_EXECUTABLE_FOLDER_PATH)/WCSArtGalleryApp";
			};
			name = Release;
		};
		5E30A4CE2F9A82260093F31E /* Debug */ = {
			isa = XCBuildConfiguration;
			buildSettings = {
				CODE_SIGN_STYLE = Automatic;
				CURRENT_PROJECT_VERSION = 1;
				DEVELOPMENT_TEAM = TM2WG7HH96;
				GENERATE_INFOPLIST_FILE = YES;
				MARKETING_VERSION = 1.0;
				PRODUCT_BUNDLE_IDENTIFIER = wcs.WCSArtGalleryAppUITests;
				PRODUCT_NAME = "$(TARGET_NAME)";
				STRING_CATALOG_GENERATE_SYMBOLS = NO;
				SWIFT_APPROACHABLE_CONCURRENCY = YES;
				SWIFT_EMIT_LOC_STRINGS = NO;
				SWIFT_UPCOMING_FEATURE_MEMBER_IMPORT_VISIBILITY = YES;
				SWIFT_VERSION = 5.0;
				TARGETED_DEVICE_FAMILY = "1,2";
				TEST_TARGET_NAME = WCSArtGalleryApp;
			};
			name = Debug;
		};
		5E30A4CF2F9A82260093F31E /* Release */ = {
			isa = XCBuildConfiguration;
			buildSettings = {
				CODE_SIGN_STYLE = Automatic;
				CURRENT_PROJECT_VERSION = 1;
				DEVELOPMENT_TEAM = TM2WG7HH96;
				GENERATE_INFOPLIST_FILE = YES;
				MARKETING_VERSION = 1.0;
				PRODUCT_BUNDLE_IDENTIFIER = wcs.WCSArtGalleryAppUITests;
				PRODUCT_NAME = "$(TARGET_NAME)";
				STRING_CATALOG_GENERATE_SYMBOLS = NO;
				SWIFT_APPROACHABLE_CONCURRENCY = YES;
				SWIFT_EMIT_LOC_STRINGS = NO;
				SWIFT_UPCOMING_FEATURE_MEMBER_IMPORT_VISIBILITY = YES;
				SWIFT_VERSION = 5.0;
				TARGETED_DEVICE_FAMILY = "1,2";
				TEST_TARGET_NAME = WCSArtGalleryApp;
			};
			name = Release;
		};
/* End XCBuildConfiguration section */

/* Begin XCConfigurationList section */
		5E30A49C2F9A82240093F31E /* Build configuration list for PBXProject "WCSArtGalleryApp" */ = {
			isa = XCConfigurationList;
			buildConfigurations = (
				5E30A4C82F9A82260093F31E /* Debug */,
				5E30A4C92F9A82260093F31E /* Release */,
			);
			defaultConfigurationIsVisible = 0;
			defaultConfigurationName = Release;
		};
		5E30A4C52F9A82260093F31E /* Build configuration list for PBXNativeTarget "WCSArtGalleryApp" */ = {
			isa = XCConfigurationList;
			buildConfigurations = (
				5E30A4C62F9A82260093F31E /* Debug */,
				5E30A4C72F9A82260093F31E /* Release */,
			);
			defaultConfigurationIsVisible = 0;
			defaultConfigurationName = Release;
		};
		5E30A4CA2F9A82260093F31E /* Build configuration list for PBXNativeTarget "WCSArtGalleryAppTests" */ = {
			isa = XCConfigurationList;
			buildConfigurations = (
				5E30A4CB2F9A82260093F31E /* Debug */,
				5E30A4CC2F9A82260093F31E /* Release */,
			);
			defaultConfigurationIsVisible = 0;
			defaultConfigurationName = Release;
		};
		5E30A4CD2F9A82260093F31E /* Build configuration list for PBXNativeTarget "WCSArtGalleryAppUITests" */ = {
			isa = XCConfigurationList;
			buildConfigurations = (
				5E30A4CE2F9A82260093F31E /* Debug */,
				5E30A4CF2F9A82260093F31E /* Release */,
			);
			defaultConfigurationIsVisible = 0;
			defaultConfigurationName = Release;
		};
/* End XCConfigurationList section */
	};
	rootObject = 5E30A4992F9A82240093F31E /* Project object */;
}
